
Microsoft Visual Studio Solution File, Format Version 12.00
Project("{FAE04EC0-301F-11D3-BF4B-00C04F79EFBC}") = "CarsInterview", "CarsInterview\CarsInterview.csproj", "{626BAD46-835F-44DB-B983-4F5B830F1BBB}"
EndProject
Global
	GlobalSection(SolutionConfigurationPlatforms) = preSolution
		Debug|Any CPU = Debug|Any CPU
		Release|Any CPU = Release|Any CPU
	EndGlobalSection
	GlobalSection(ProjectConfigurationPlatforms) = postSolution
		{626BAD46-835F-44DB-B983-4F5B830F1BBB}.Debug|Any CPU.ActiveCfg = Debug|Any CPU
		{626BAD46-835F-44DB-B983-4F5B830F1BBB}.Debug|Any CPU.Build.0 = Debug|Any CPU
		{626BAD46-835F-44DB-B983-4F5B830F1BBB}.Release|Any CPU.ActiveCfg = Release|Any CPU
		{626BAD46-835F-44DB-B983-4F5B830F1BBB}.Release|Any CPU.Build.0 = Release|Any CPU
	EndGlobalSection
EndGlobal
